
Microsoft Visual Studio Solution File, Format Version 12.00
# Visual Studio Version 16
VisualStudioVersion = 16.0.29806.167
MinimumVisualStudioVersion = 10.0.40219.1
Project("{9A19103F-16F7-4668-BE54-9A1E7A4F7556}") = "VVVVID-Downloader.ConsoleApp", "VVVVID-Downloader.ConsoleApp\VVVVID-Downloader.ConsoleApp.csproj", "{33A1180F-F467-4202-85C5-F538D03B983B}"
EndProject
Project("{FAE04EC0-301F-11D3-BF4B-00C04F79EFBC}") = "VVVVID-Downloader.WebAPI", "VVVVID-Downloader.WebAPI\VVVVID-Downloader.WebAPI.csproj", "{3C880DBA-76FE-4F7D-BE96-27EFC322ADEF}"
EndProject
Global
	GlobalSection(SolutionConfigurationPlatforms) = preSolution
		Debug|Any CPU = Debug|Any CPU
		Release|Any CPU = Release|Any CPU
	EndGlobalSection
	GlobalSection(ProjectConfigurationPlatforms) = postSolution
		{33A1180F-F467-4202-85C5-F538D03B983B}.Debug|Any CPU.ActiveCfg = Debug|Any CPU
		{33A1180F-F467-4202-85C5-F538D03B983B}.Debug|Any CPU.Build.0 = Debug|Any CPU
		{33A1180F-F467-4202-85C5-F538D03B983B}.Release|Any CPU.ActiveCfg = Release|Any CPU
		{33A1180F-F467-4202-85C5-F538D03B983B}.Release|Any CPU.Build.0 = Release|Any CPU
		{3C880DBA-76FE-4F7D-BE96-27EFC322ADEF}.Debug|Any CPU.ActiveCfg = Debug|Any CPU
		{3C880DBA-76FE-4F7D-BE96-27EFC322ADEF}.Debug|Any CPU.Build.0 = Debug|Any CPU
		{3C880DBA-76FE-4F7D-BE96-27EFC322ADEF}.Release|Any CPU.ActiveCfg = Release|Any CPU
		{3C880DBA-76FE-4F7D-BE96-27EFC322ADEF}.Release|Any CPU.Build.0 = Release|Any CPU
	EndGlobalSection
	GlobalSection(SolutionProperties) = preSolution
		HideSolutionNode = FALSE
	EndGlobalSection
	GlobalSection(ExtensibilityGlobals) = postSolution
		SolutionGuid = {1AE1F00A-3172-4DD6-95DB-7B625E5BA8C3}
	EndGlobalSection
EndGlobal
